
Microsoft Visual Studio Solution File, Format Version 12.00
# Visual Studio Version 17
VisualStudioVersion = 17.5.33530.505
MinimumVisualStudioVersion = 10.0.40219.1
Project("{9A19103F-16F7-4668-BE54-9A1E7A4F7556}") = "ElectronicLedger", "ElectronicLedger\ElectronicLedger.csproj", "{7F827A1C-221A-4A94-9EF0-3D1FFA2D65C5}"
EndProject
Project("{E53339B2-1760-4266-BCC7-CA923CBCF16C}") = "docker-compose", "docker-compose.dcproj", "{765BD29F-8256-4A3F-BEB1-B8B128E8DFD0}"
EndProject
Project("{9A19103F-16F7-4668-BE54-9A1E7A4F7556}") = "AuthApi", "AuthApi\AuthApi.csproj", "{9478B331-56CD-49D3-ACBB-29A6D35CB5AE}"
EndProject
Project("{2150E333-8FDC-42A3-9474-1A3956D46DE8}") = "Auth", "Auth", "{B716E24E-A085-440C-A55D-D1F292E2550E}"
EndProject
Project("{2150E333-8FDC-42A3-9474-1A3956D46DE8}") = "eLedger", "eLedger", "{F2A1B0D1-70AA-4CD8-B1AC-341E4C14C0E4}"
EndProject
Project("{2150E333-8FDC-42A3-9474-1A3956D46DE8}") = "Docker", "Docker", "{555BFC52-4852-4209-9B37-35CD4555BD02}"
EndProject
Project("{9A19103F-16F7-4668-BE54-9A1E7A4F7556}") = "App.Infrastructure", "App.Infrastructure\App.Infrastructure.csproj", "{B429E4D3-3621-4173-8465-EFC7A8BFEB7E}"
EndProject
Project("{9A19103F-16F7-4668-BE54-9A1E7A4F7556}") = "Auth.Infrastructure", "Auth.Infrastructure\Auth.Infrastructure.csproj", "{943E1685-FD69-4B77-8EC1-CDB890A94253}"
EndProject
Project("{9A19103F-16F7-4668-BE54-9A1E7A4F7556}") = "Auth.UserAuth", "Auth\Auth.User\Auth.UserAuth.csproj", "{90728F2F-DB0C-4789-95A8-EB948B4E0BCB}"
EndProject
Project("{9A19103F-16F7-4668-BE54-9A1E7A4F7556}") = "Auth.Base", "Auth.Base\Auth.Base.csproj", "{D0C4FE90-E193-4708-B791-2F9A987EB9C7}"
EndProject
Project("{2150E333-8FDC-42A3-9474-1A3956D46DE8}") = "Common", "Common", "{73D60081-4636-4C0A-A8B6-8B89DEF9E81C}"
EndProject
Project("{9A19103F-16F7-4668-BE54-9A1E7A4F7556}") = "Common", "Common\Common.csproj", "{C986AA41-281B-4F4F-A27E-B22399E0E22D}"
EndProject
Project("{2150E333-8FDC-42A3-9474-1A3956D46DE8}") = "Services", "Services", "{53C967C5-05CB-4796-A965-58AD92521073}"
EndProject
Project("{2150E333-8FDC-42A3-9474-1A3956D46DE8}") = "Api", "Api", "{66714B72-055A-477D-9C6D-2828C1B6F4DE}"
EndProject
Project("{9A19103F-16F7-4668-BE54-9A1E7A4F7556}") = "ApiCommon", "ApiCommon\ApiCommon.csproj", "{7D80D45B-EF84-40C2-BCC3-F24A614B6AAC}"
EndProject
Project("{2150E333-8FDC-42A3-9474-1A3956D46DE8}") = "Tests", "Tests", "{18059CE1-7CA3-4AE7-AD4A-B80258D1A059}"
EndProject
Project("{2150E333-8FDC-42A3-9474-1A3956D46DE8}") = "Source", "Source", "{D34ED4E6-C867-411A-B24C-38013EA5E7A8}"
EndProject
Project("{FAE04EC0-301F-11D3-BF4B-00C04F79EFBC}") = "Auth.UserAuth.Tests", "..\Auth.UserAuth.Tests\Auth.UserAuth.Tests.csproj", "{8B602DE2-7C03-4702-BFAC-44078D78D056}"
EndProject
Global
	GlobalSection(SolutionConfigurationPlatforms) = preSolution
		Debug|Any CPU = Debug|Any CPU
		Release|Any CPU = Release|Any CPU
	EndGlobalSection
	GlobalSection(ProjectConfigurationPlatforms) = postSolution
		{7F827A1C-221A-4A94-9EF0-3D1FFA2D65C5}.Debug|Any CPU.ActiveCfg = Debug|Any CPU
		{7F827A1C-221A-4A94-9EF0-3D1FFA2D65C5}.Debug|Any CPU.Build.0 = Debug|Any CPU
		{7F827A1C-221A-4A94-9EF0-3D1FFA2D65C5}.Release|Any CPU.ActiveCfg = Release|Any CPU
		{7F827A1C-221A-4A94-9EF0-3D1FFA2D65C5}.Release|Any CPU.Build.0 = Release|Any CPU
		{765BD29F-8256-4A3F-BEB1-B8B128E8DFD0}.Debug|Any CPU.ActiveCfg = Debug|Any CPU
		{765BD29F-8256-4A3F-BEB1-B8B128E8DFD0}.Debug|Any CPU.Build.0 = Debug|Any CPU
		{765BD29F-8256-4A3F-BEB1-B8B128E8DFD0}.Release|Any CPU.ActiveCfg = Release|Any CPU
		{765BD29F-8256-4A3F-BEB1-B8B128E8DFD0}.Release|Any CPU.Build.0 = Release|Any CPU
		{9478B331-56CD-49D3-ACBB-29A6D35CB5AE}.Debug|Any CPU.ActiveCfg = Debug|Any CPU
		{9478B331-56CD-49D3-ACBB-29A6D35CB5AE}.Debug|Any CPU.Build.0 = Debug|Any CPU
		{9478B331-56CD-49D3-ACBB-29A6D35CB5AE}.Release|Any CPU.ActiveCfg = Release|Any CPU
		{9478B331-56CD-49D3-ACBB-29A6D35CB5AE}.Release|Any CPU.Build.0 = Release|Any CPU
		{B429E4D3-3621-4173-8465-EFC7A8BFEB7E}.Debug|Any CPU.ActiveCfg = Debug|Any CPU
		{B429E4D3-3621-4173-8465-EFC7A8BFEB7E}.Debug|Any CPU.Build.0 = Debug|Any CPU
		{B429E4D3-3621-4173-8465-EFC7A8BFEB7E}.Release|Any CPU.ActiveCfg = Release|Any CPU
		{B429E4D3-3621-4173-8465-EFC7A8BFEB7E}.Release|Any CPU.Build.0 = Release|Any CPU
		{943E1685-FD69-4B77-8EC1-CDB890A94253}.Debug|Any CPU.ActiveCfg = Debug|Any CPU
		{943E1685-FD69-4B77-8EC1-CDB890A94253}.Debug|Any CPU.Build.0 = Debug|Any CPU
		{943E1685-FD69-4B77-8EC1-CDB890A94253}.Release|Any CPU.ActiveCfg = Release|Any CPU
		{943E1685-FD69-4B77-8EC1-CDB890A94253}.Release|Any CPU.Build.0 = Release|Any CPU
		{90728F2F-DB0C-4789-95A8-EB948B4E0BCB}.Debug|Any CPU.ActiveCfg = Debug|Any CPU
		{90728F2F-DB0C-4789-95A8-EB948B4E0BCB}.Debug|Any CPU.Build.0 = Debug|Any CPU
		{90728F2F-DB0C-4789-95A8-EB948B4E0BCB}.Release|Any CPU.ActiveCfg = Release|Any CPU
		{90728F2F-DB0C-4789-95A8-EB948B4E0BCB}.Release|Any CPU.Build.0 = Release|Any CPU
		{D0C4FE90-E193-4708-B791-2F9A987EB9C7}.Debug|Any CPU.ActiveCfg = Debug|Any CPU
		{D0C4FE90-E193-4708-B791-2F9A987EB9C7}.Debug|Any CPU.Build.0 = Debug|Any CPU
		{D0C4FE90-E193-4708-B791-2F9A987EB9C7}.Release|Any CPU.ActiveCfg = Release|Any CPU
		{D0C4FE90-E193-4708-B791-2F9A987EB9C7}.Release|Any CPU.Build.0 = Release|Any CPU
		{C986AA41-281B-4F4F-A27E-B22399E0E22D}.Debug|Any CPU.ActiveCfg = Debug|Any CPU
		{C986AA41-281B-4F4F-A27E-B22399E0E22D}.Debug|Any CPU.Build.0 = Debug|Any CPU
		{C986AA41-281B-4F4F-A27E-B22399E0E22D}.Release|Any CPU.ActiveCfg = Release|Any CPU
		{C986AA41-281B-4F4F-A27E-B22399E0E22D}.Release|Any CPU.Build.0 = Release|Any CPU
		{7D80D45B-EF84-40C2-BCC3-F24A614B6AAC}.Debug|Any CPU.ActiveCfg = Debug|Any CPU
		{7D80D45B-EF84-40C2-BCC3-F24A614B6AAC}.Debug|Any CPU.Build.0 = Debug|Any CPU
		{7D80D45B-EF84-40C2-BCC3-F24A614B6AAC}.Release|Any CPU.ActiveCfg = Release|Any CPU
		{7D80D45B-EF84-40C2-BCC3-F24A614B6AAC}.Release|Any CPU.Build.0 = Release|Any CPU
		{8B602DE2-7C03-4702-BFAC-44078D78D056}.Debug|Any CPU.ActiveCfg = Debug|Any CPU
		{8B602DE2-7C03-4702-BFAC-44078D78D056}.Debug|Any CPU.Build.0 = Debug|Any CPU
		{8B602DE2-7C03-4702-BFAC-44078D78D056}.Release|Any CPU.ActiveCfg = Release|Any CPU
		{8B602DE2-7C03-4702-BFAC-44078D78D056}.Release|Any CPU.Build.0 = Release|Any CPU
	EndGlobalSection
	GlobalSection(SolutionProperties) = preSolution
		HideSolutionNode = FALSE
	EndGlobalSection
	GlobalSection(NestedProjects) = preSolution
		{7F827A1C-221A-4A94-9EF0-3D1FFA2D65C5} = {F2A1B0D1-70AA-4CD8-B1AC-341E4C14C0E4}
		{765BD29F-8256-4A3F-BEB1-B8B128E8DFD0} = {555BFC52-4852-4209-9B37-35CD4555BD02}
		{9478B331-56CD-49D3-ACBB-29A6D35CB5AE} = {D34ED4E6-C867-411A-B24C-38013EA5E7A8}
		{B429E4D3-3621-4173-8465-EFC7A8BFEB7E} = {F2A1B0D1-70AA-4CD8-B1AC-341E4C14C0E4}
		{943E1685-FD69-4B77-8EC1-CDB890A94253} = {D34ED4E6-C867-411A-B24C-38013EA5E7A8}
		{90728F2F-DB0C-4789-95A8-EB948B4E0BCB} = {D34ED4E6-C867-411A-B24C-38013EA5E7A8}
		{D0C4FE90-E193-4708-B791-2F9A987EB9C7} = {D34ED4E6-C867-411A-B24C-38013EA5E7A8}
		{C986AA41-281B-4F4F-A27E-B22399E0E22D} = {53C967C5-05CB-4796-A965-58AD92521073}
		{53C967C5-05CB-4796-A965-58AD92521073} = {73D60081-4636-4C0A-A8B6-8B89DEF9E81C}
		{66714B72-055A-477D-9C6D-2828C1B6F4DE} = {73D60081-4636-4C0A-A8B6-8B89DEF9E81C}
		{7D80D45B-EF84-40C2-BCC3-F24A614B6AAC} = {66714B72-055A-477D-9C6D-2828C1B6F4DE}
		{18059CE1-7CA3-4AE7-AD4A-B80258D1A059} = {B716E24E-A085-440C-A55D-D1F292E2550E}
		{D34ED4E6-C867-411A-B24C-38013EA5E7A8} = {B716E24E-A085-440C-A55D-D1F292E2550E}
		{8B602DE2-7C03-4702-BFAC-44078D78D056} = {18059CE1-7CA3-4AE7-AD4A-B80258D1A059}
	EndGlobalSection
	GlobalSection(ExtensibilityGlobals) = postSolution
		SolutionGuid = {6AD8DE16-4F2E-4E18-8885-64BF57EE29A7}
	EndGlobalSection
EndGlobal
